
Microsoft Visual Studio Solution File, Format Version 12.00
# Visual Studio Version 17
VisualStudioVersion = 17.4.33122.133
MinimumVisualStudioVersion = 10.0.40219.1
Project("{FAE04EC0-301F-11D3-BF4B-00C04F79EFBC}") = "MenuWPF", "MenuWPF\MenuWPF.csproj", "{8358DB81-9D4A-4F69-8715-EE94FB1414FA}"
EndProject
Project("{FAE04EC0-301F-11D3-BF4B-00C04F79EFBC}") = "GraphicsEditor", "GraphicsEditor\GraphicsEditor.csproj", "{903BB79C-60C5-45C9-94C0-D8404DF6187E}"
EndProject
Project("{FAE04EC0-301F-11D3-BF4B-00C04F79EFBC}") = "DataBinding", "DataBinding\DataBinding.csproj", "{C397076C-042C-40F0-B65F-20EC4CDC9482}"
EndProject
Project("{FAE04EC0-301F-11D3-BF4B-00C04F79EFBC}") = "MiltiEdit", "MiltiEdit\MiltiEdit.csproj", "{C2E25BDA-7F51-4687-B038-DCBAC20EE683}"
EndProject
Project("{FAE04EC0-301F-11D3-BF4B-00C04F79EFBC}") = "Paint", "Paint\Paint.csproj", "{B8FE3EE5-F726-43E9-A20E-4EF5894047F6}"
EndProject
Project("{FAE04EC0-301F-11D3-BF4B-00C04F79EFBC}") = "MultiDataTrigger", "MultiDataTrigger\MultiDataTrigger.csproj", "{AEB4A748-C089-4867-BF2B-DCDCD3C69A9F}"
EndProject
Global
	GlobalSection(SolutionConfigurationPlatforms) = preSolution
		Debug|Any CPU = Debug|Any CPU
		Release|Any CPU = Release|Any CPU
	EndGlobalSection
	GlobalSection(ProjectConfigurationPlatforms) = postSolution
		{8358DB81-9D4A-4F69-8715-EE94FB1414FA}.Debug|Any CPU.ActiveCfg = Debug|Any CPU
		{8358DB81-9D4A-4F69-8715-EE94FB1414FA}.Debug|Any CPU.Build.0 = Debug|Any CPU
		{8358DB81-9D4A-4F69-8715-EE94FB1414FA}.Release|Any CPU.ActiveCfg = Release|Any CPU
		{8358DB81-9D4A-4F69-8715-EE94FB1414FA}.Release|Any CPU.Build.0 = Release|Any CPU
		{903BB79C-60C5-45C9-94C0-D8404DF6187E}.Debug|Any CPU.ActiveCfg = Debug|Any CPU
		{903BB79C-60C5-45C9-94C0-D8404DF6187E}.Debug|Any CPU.Build.0 = Debug|Any CPU
		{903BB79C-60C5-45C9-94C0-D8404DF6187E}.Release|Any CPU.ActiveCfg = Release|Any CPU
		{903BB79C-60C5-45C9-94C0-D8404DF6187E}.Release|Any CPU.Build.0 = Release|Any CPU
		{C397076C-042C-40F0-B65F-20EC4CDC9482}.Debug|Any CPU.ActiveCfg = Debug|Any CPU
		{C397076C-042C-40F0-B65F-20EC4CDC9482}.Debug|Any CPU.Build.0 = Debug|Any CPU
		{C397076C-042C-40F0-B65F-20EC4CDC9482}.Release|Any CPU.ActiveCfg = Release|Any CPU
		{C397076C-042C-40F0-B65F-20EC4CDC9482}.Release|Any CPU.Build.0 = Release|Any CPU
		{C2E25BDA-7F51-4687-B038-DCBAC20EE683}.Debug|Any CPU.ActiveCfg = Debug|Any CPU
		{C2E25BDA-7F51-4687-B038-DCBAC20EE683}.Debug|Any CPU.Build.0 = Debug|Any CPU
		{C2E25BDA-7F51-4687-B038-DCBAC20EE683}.Release|Any CPU.ActiveCfg = Release|Any CPU
		{C2E25BDA-7F51-4687-B038-DCBAC20EE683}.Release|Any CPU.Build.0 = Release|Any CPU
		{B8FE3EE5-F726-43E9-A20E-4EF5894047F6}.Debug|Any CPU.ActiveCfg = Debug|Any CPU
		{B8FE3EE5-F726-43E9-A20E-4EF5894047F6}.Debug|Any CPU.Build.0 = Debug|Any CPU
		{B8FE3EE5-F726-43E9-A20E-4EF5894047F6}.Release|Any CPU.ActiveCfg = Release|Any CPU
		{B8FE3EE5-F726-43E9-A20E-4EF5894047F6}.Release|Any CPU.Build.0 = Release|Any CPU
		{AEB4A748-C089-4867-BF2B-DCDCD3C69A9F}.Debug|Any CPU.ActiveCfg = Debug|Any CPU
		{AEB4A748-C089-4867-BF2B-DCDCD3C69A9F}.Debug|Any CPU.Build.0 = Debug|Any CPU
		{AEB4A748-C089-4867-BF2B-DCDCD3C69A9F}.Release|Any CPU.ActiveCfg = Release|Any CPU
		{AEB4A748-C089-4867-BF2B-DCDCD3C69A9F}.Release|Any CPU.Build.0 = Release|Any CPU
	EndGlobalSection
	GlobalSection(SolutionProperties) = preSolution
		HideSolutionNode = FALSE
	EndGlobalSection
	GlobalSection(ExtensibilityGlobals) = postSolution
		SolutionGuid = {D51C0F92-3FE6-4610-BA75-3E050A9D2135}
	EndGlobalSection
EndGlobal
